
Microsoft Visual Studio Solution File, Format Version 12.00
# Visual Studio 2013
VisualStudioVersion = 12.0.30501.0
MinimumVisualStudioVersion = 10.0.40219.1
Project("{F184B08F-C81C-45F6-A57F-5ABD9991F28F}") = "TelemetryLogger", "TelemetryLogger\TelemetryLogger.vbproj", "{367D7322-40F6-472D-8CCA-0966B7589B35}"
EndProject
Project("{F184B08F-C81C-45F6-A57F-5ABD9991F28F}") = "TelemetryServer", "TelemetryServer\TelemetryServer.vbproj", "{08A034C1-AA4E-46C7-AF1A-4D3053A94C04}"
EndProject
Project("{F184B08F-C81C-45F6-A57F-5ABD9991F28F}") = "TelemetryClient", "TelemetryClient\TelemetryClient.vbproj", "{685952BA-E48D-45FC-B175-AE7188FCCB18}"
EndProject
Project("{2150E333-8FDC-42A3-9474-1A3956D46DE8}") = "Solution Items", "Solution Items", "{3E2D71C3-8CA1-4AE0-9549-E15C0304C6ED}"
	ProjectSection(SolutionItems) = preProject
		ConnectionBase.vb = ConnectionBase.vb
		LogWriter.vb = LogWriter.vb
		Record.vb = Record.vb
		Timer.vb = Timer.vb
	EndProjectSection
EndProject
Project("{F184B08F-C81C-45F6-A57F-5ABD9991F28F}") = "TestServer", "TestServer\TestServer.vbproj", "{540B4E09-D2F4-4799-B284-71ADE292299B}"
EndProject
Project("{F184B08F-C81C-45F6-A57F-5ABD9991F28F}") = "TestClient", "TestClient\TestClient.vbproj", "{C29C0E07-F69F-4ECB-9045-B09DBBA1206B}"
EndProject
Global
	GlobalSection(SolutionConfigurationPlatforms) = preSolution
		Debug|Any CPU = Debug|Any CPU
		Debug|Mixed Platforms = Debug|Mixed Platforms
		Debug|x86 = Debug|x86
		Release|Any CPU = Release|Any CPU
		Release|Mixed Platforms = Release|Mixed Platforms
		Release|x86 = Release|x86
	EndGlobalSection
	GlobalSection(ProjectConfigurationPlatforms) = postSolution
		{367D7322-40F6-472D-8CCA-0966B7589B35}.Debug|Any CPU.ActiveCfg = Debug|x86
		{367D7322-40F6-472D-8CCA-0966B7589B35}.Debug|Mixed Platforms.ActiveCfg = Debug|x86
		{367D7322-40F6-472D-8CCA-0966B7589B35}.Debug|Mixed Platforms.Build.0 = Debug|x86
		{367D7322-40F6-472D-8CCA-0966B7589B35}.Debug|x86.ActiveCfg = Debug|x86
		{367D7322-40F6-472D-8CCA-0966B7589B35}.Debug|x86.Build.0 = Debug|x86
		{367D7322-40F6-472D-8CCA-0966B7589B35}.Release|Any CPU.ActiveCfg = Release|x86
		{367D7322-40F6-472D-8CCA-0966B7589B35}.Release|Mixed Platforms.ActiveCfg = Release|x86
		{367D7322-40F6-472D-8CCA-0966B7589B35}.Release|Mixed Platforms.Build.0 = Release|x86
		{367D7322-40F6-472D-8CCA-0966B7589B35}.Release|x86.ActiveCfg = Release|x86
		{367D7322-40F6-472D-8CCA-0966B7589B35}.Release|x86.Build.0 = Release|x86
		{08A034C1-AA4E-46C7-AF1A-4D3053A94C04}.Debug|Any CPU.ActiveCfg = Debug|Any CPU
		{08A034C1-AA4E-46C7-AF1A-4D3053A94C04}.Debug|Any CPU.Build.0 = Debug|Any CPU
		{08A034C1-AA4E-46C7-AF1A-4D3053A94C04}.Debug|Mixed Platforms.ActiveCfg = Debug|Any CPU
		{08A034C1-AA4E-46C7-AF1A-4D3053A94C04}.Debug|Mixed Platforms.Build.0 = Debug|Any CPU
		{08A034C1-AA4E-46C7-AF1A-4D3053A94C04}.Debug|x86.ActiveCfg = Debug|Any CPU
		{08A034C1-AA4E-46C7-AF1A-4D3053A94C04}.Release|Any CPU.ActiveCfg = Release|Any CPU
		{08A034C1-AA4E-46C7-AF1A-4D3053A94C04}.Release|Any CPU.Build.0 = Release|Any CPU
		{08A034C1-AA4E-46C7-AF1A-4D3053A94C04}.Release|Mixed Platforms.ActiveCfg = Release|Any CPU
		{08A034C1-AA4E-46C7-AF1A-4D3053A94C04}.Release|Mixed Platforms.Build.0 = Release|Any CPU
		{08A034C1-AA4E-46C7-AF1A-4D3053A94C04}.Release|x86.ActiveCfg = Release|Any CPU
		{685952BA-E48D-45FC-B175-AE7188FCCB18}.Debug|Any CPU.ActiveCfg = Debug|Any CPU
		{685952BA-E48D-45FC-B175-AE7188FCCB18}.Debug|Any CPU.Build.0 = Debug|Any CPU
		{685952BA-E48D-45FC-B175-AE7188FCCB18}.Debug|Mixed Platforms.ActiveCfg = Debug|Any CPU
		{685952BA-E48D-45FC-B175-AE7188FCCB18}.Debug|Mixed Platforms.Build.0 = Debug|Any CPU
		{685952BA-E48D-45FC-B175-AE7188FCCB18}.Debug|x86.ActiveCfg = Debug|Any CPU
		{685952BA-E48D-45FC-B175-AE7188FCCB18}.Release|Any CPU.ActiveCfg = Release|Any CPU
		{685952BA-E48D-45FC-B175-AE7188FCCB18}.Release|Any CPU.Build.0 = Release|Any CPU
		{685952BA-E48D-45FC-B175-AE7188FCCB18}.Release|Mixed Platforms.ActiveCfg = Release|Any CPU
		{685952BA-E48D-45FC-B175-AE7188FCCB18}.Release|Mixed Platforms.Build.0 = Release|Any CPU
		{685952BA-E48D-45FC-B175-AE7188FCCB18}.Release|x86.ActiveCfg = Release|Any CPU
		{540B4E09-D2F4-4799-B284-71ADE292299B}.Debug|Any CPU.ActiveCfg = Debug|Any CPU
		{540B4E09-D2F4-4799-B284-71ADE292299B}.Debug|Any CPU.Build.0 = Debug|Any CPU
		{540B4E09-D2F4-4799-B284-71ADE292299B}.Debug|Mixed Platforms.ActiveCfg = Debug|Any CPU
		{540B4E09-D2F4-4799-B284-71ADE292299B}.Debug|Mixed Platforms.Build.0 = Debug|Any CPU
		{540B4E09-D2F4-4799-B284-71ADE292299B}.Debug|x86.ActiveCfg = Debug|Any CPU
		{540B4E09-D2F4-4799-B284-71ADE292299B}.Release|Any CPU.ActiveCfg = Release|Any CPU
		{540B4E09-D2F4-4799-B284-71ADE292299B}.Release|Any CPU.Build.0 = Release|Any CPU
		{540B4E09-D2F4-4799-B284-71ADE292299B}.Release|Mixed Platforms.ActiveCfg = Release|Any CPU
		{540B4E09-D2F4-4799-B284-71ADE292299B}.Release|Mixed Platforms.Build.0 = Release|Any CPU
		{540B4E09-D2F4-4799-B284-71ADE292299B}.Release|x86.ActiveCfg = Release|Any CPU
		{C29C0E07-F69F-4ECB-9045-B09DBBA1206B}.Debug|Any CPU.ActiveCfg = Debug|Any CPU
		{C29C0E07-F69F-4ECB-9045-B09DBBA1206B}.Debug|Any CPU.Build.0 = Debug|Any CPU
		{C29C0E07-F69F-4ECB-9045-B09DBBA1206B}.Debug|Mixed Platforms.ActiveCfg = Debug|Any CPU
		{C29C0E07-F69F-4ECB-9045-B09DBBA1206B}.Debug|Mixed Platforms.Build.0 = Debug|Any CPU
		{C29C0E07-F69F-4ECB-9045-B09DBBA1206B}.Debug|x86.ActiveCfg = Debug|Any CPU
		{C29C0E07-F69F-4ECB-9045-B09DBBA1206B}.Release|Any CPU.ActiveCfg = Release|Any CPU
		{C29C0E07-F69F-4ECB-9045-B09DBBA1206B}.Release|Any CPU.Build.0 = Release|Any CPU
		{C29C0E07-F69F-4ECB-9045-B09DBBA1206B}.Release|Mixed Platforms.ActiveCfg = Release|Any CPU
		{C29C0E07-F69F-4ECB-9045-B09DBBA1206B}.Release|Mixed Platforms.Build.0 = Release|Any CPU
		{C29C0E07-F69F-4ECB-9045-B09DBBA1206B}.Release|x86.ActiveCfg = Release|Any CPU
	EndGlobalSection
	GlobalSection(SolutionProperties) = preSolution
		HideSolutionNode = FALSE
	EndGlobalSection
EndGlobal
